
Microsoft Visual Studio Solution File, Format Version 12.00
# Visual Studio 15
VisualStudioVersion = 15.0.28307.168
MinimumVisualStudioVersion = 10.0.40219.1
Project("{FAE04EC0-301F-11D3-BF4B-00C04F79EFBC}") = "Tap4U_git", "Tap4U_git\Tap4U_git.csproj", "{647E7EAB-19D4-478B-BBB6-6B1937B01CA4}"
EndProject
Global
	GlobalSection(SolutionConfigurationPlatforms) = preSolution
		Debug|Any CPU = Debug|Any CPU
		Release|Any CPU = Release|Any CPU
	EndGlobalSection
	GlobalSection(ProjectConfigurationPlatforms) = postSolution
		{647E7EAB-19D4-478B-BBB6-6B1937B01CA4}.Debug|Any CPU.ActiveCfg = Debug|Any CPU
		{647E7EAB-19D4-478B-BBB6-6B1937B01CA4}.Debug|Any CPU.Build.0 = Debug|Any CPU
		{647E7EAB-19D4-478B-BBB6-6B1937B01CA4}.Release|Any CPU.ActiveCfg = Release|Any CPU
		{647E7EAB-19D4-478B-BBB6-6B1937B01CA4}.Release|Any CPU.Build.0 = Release|Any CPU
	EndGlobalSection
	GlobalSection(SolutionProperties) = preSolution
		HideSolutionNode = FALSE
	EndGlobalSection
	GlobalSection(ExtensibilityGlobals) = postSolution
		SolutionGuid = {5FF4F7A1-D94E-4765-96B3-71629A85E24B}
	EndGlobalSection
EndGlobal
